// !$*UTF8*$!
{
	archiveVersion = 1;
	classes = {
	};
	objectVersion = 56;
	objects = {

/* Begin PBXBuildFile section */
		9E0B50A029073858003F060B /* PostSourceModel.swift in Sources */ = {isa = PBXBuildFile; fileRef = 9E0B509F29073858003F060B /* PostSourceModel.swift */; };
		9E0B50A229073BEE003F060B /* PostSourceButton.swift in Sources */ = {isa = PBXBuildFile; fileRef = 9E0B50A129073BEE003F060B /* PostSourceButton.swift */; };
		9E17F3F628F8AE3000E1EF6A /* WebView.swift in Sources */ = {isa = PBXBuildFile; fileRef = 9E17F3F528F8AE3000E1EF6A /* WebView.swift */; };
		9E3A708428FB34A800AABF92 /* KetchainManager.swift in Sources */ = {isa = PBXBuildFile; fileRef = 9E3A708328FB34A800AABF92 /* KetchainManager.swift */; };
		9E3A708728FB4AC500AABF92 /* ProfileView.swift in Sources */ = {isa = PBXBuildFile; fileRef = 9E3A708628FB4AC500AABF92 /* ProfileView.swift */; };
		9E3A708928FB4AD000AABF92 /* ProfileViewModel.swift in Sources */ = {isa = PBXBuildFile; fileRef = 9E3A708828FB4AD000AABF92 /* ProfileViewModel.swift */; };
		9E3A708C28FB4C2A00AABF92 /* SearchViewModel.swift in Sources */ = {isa = PBXBuildFile; fileRef = 9E3A708B28FB4C2A00AABF92 /* SearchViewModel.swift */; };
		9E3A708E28FB4CB300AABF92 /* HomeView.swift in Sources */ = {isa = PBXBuildFile; fileRef = 9E3A708D28FB4CB300AABF92 /* HomeView.swift */; };
		9E3A709028FB4CF800AABF92 /* SearchView.swift in Sources */ = {isa = PBXBuildFile; fileRef = 9E3A708F28FB4CF800AABF92 /* SearchView.swift */; };
		9E504A7B28FB5E3500576292 /* TokenResponse.swift in Sources */ = {isa = PBXBuildFile; fileRef = 9E504A7A28FB5E3500576292 /* TokenResponse.swift */; };
		9E504A7D28FB5E4100576292 /* MeResponse.swift in Sources */ = {isa = PBXBuildFile; fileRef = 9E504A7C28FB5E4100576292 /* MeResponse.swift */; };
		9E504A8028FB5ED400576292 /* SubredditResponse.swift in Sources */ = {isa = PBXBuildFile; fileRef = 9E504A7F28FB5ED400576292 /* SubredditResponse.swift */; };
		9E744F5128FCBE87004A0B95 /* ListPostResponse.swift in Sources */ = {isa = PBXBuildFile; fileRef = 9E744F5028FCBE87004A0B95 /* ListPostResponse.swift */; };
		9E744F5328FCD91B004A0B95 /* PostView.swift in Sources */ = {isa = PBXBuildFile; fileRef = 9E744F5228FCD91B004A0B95 /* PostView.swift */; };
		9E74FE5228F7A4BE00585C6C /* RedditechApp.swift in Sources */ = {isa = PBXBuildFile; fileRef = 9E74FE5128F7A4BE00585C6C /* RedditechApp.swift */; };
		9E74FE5428F7A4BE00585C6C /* ContentView.swift in Sources */ = {isa = PBXBuildFile; fileRef = 9E74FE5328F7A4BE00585C6C /* ContentView.swift */; };
		9E74FE5628F7A4BE00585C6C /* Assets.xcassets in Resources */ = {isa = PBXBuildFile; fileRef = 9E74FE5528F7A4BE00585C6C /* Assets.xcassets */; };
		9E74FE5928F7A4BE00585C6C /* Preview Assets.xcassets in Resources */ = {isa = PBXBuildFile; fileRef = 9E74FE5828F7A4BE00585C6C /* Preview Assets.xcassets */; };
		9E74FE6328F7A4BE00585C6C /* RedditechTests.swift in Sources */ = {isa = PBXBuildFile; fileRef = 9E74FE6228F7A4BE00585C6C /* RedditechTests.swift */; };
		9E74FE6D28F7A4BE00585C6C /* RedditechUITests.swift in Sources */ = {isa = PBXBuildFile; fileRef = 9E74FE6C28F7A4BE00585C6C /* RedditechUITests.swift */; };
		9E74FE6F28F7A4BE00585C6C /* RedditechUITestsLaunchTests.swift in Sources */ = {isa = PBXBuildFile; fileRef = 9E74FE6E28F7A4BE00585C6C /* RedditechUITestsLaunchTests.swift */; };
		9E74FE8128F7A4FE00585C6C /* LoginView.swift in Sources */ = {isa = PBXBuildFile; fileRef = 9E74FE8028F7A4FE00585C6C /* LoginView.swift */; };
		9E74FE8328F7A50900585C6C /* LoginViewModel.swift in Sources */ = {isa = PBXBuildFile; fileRef = 9E74FE8228F7A50900585C6C /* LoginViewModel.swift */; };
		9E74FE8528F7A75400585C6C /* HomeViewModel.swift in Sources */ = {isa = PBXBuildFile; fileRef = 9E74FE8428F7A75400585C6C /* HomeViewModel.swift */; };
		9E74FE8C28F7A96100585C6C /* FilledRoundedCornerButtonStyle.swift in Sources */ = {isa = PBXBuildFile; fileRef = 9E74FE8B28F7A96100585C6C /* FilledRoundedCornerButtonStyle.swift */; };
		9EA4EB3B2911FD1200F6E43C /* SearchResponse.swift in Sources */ = {isa = PBXBuildFile; fileRef = 9EA4EB3A2911FD1200F6E43C /* SearchResponse.swift */; };
		9EA585632912104C001FD49E /* UserSettingsView.swift in Sources */ = {isa = PBXBuildFile; fileRef = 9EA585622912104C001FD49E /* UserSettingsView.swift */; };
		9EA585652912105D001FD49E /* UserSettingsViewModel.swift in Sources */ = {isa = PBXBuildFile; fileRef = 9EA585642912105D001FD49E /* UserSettingsViewModel.swift */; };
		9EA585682912138B001FD49E /* PrefsResponse.swift in Sources */ = {isa = PBXBuildFile; fileRef = 9EA585672912138B001FD49E /* PrefsResponse.swift */; };
		9ECAFD2928FA041D00375909 /* RedditService.swift in Sources */ = {isa = PBXBuildFile; fileRef = 9ECAFD2828FA041D00375909 /* RedditService.swift */; };
		BBC3360F6669A8F2C453A2BF /* .gitignore in Resources */ = {isa = PBXBuildFile; fileRef = BBC337B236C57651B43F0445 /* .gitignore */; };
/* End PBXBuildFile section */

/* Begin PBXContainerItemProxy section */
		9E74FE5F28F7A4BE00585C6C /* PBXContainerItemProxy */ = {
			isa = PBXContainerItemProxy;
			containerPortal = 9E74FE4628F7A4BE00585C6C /* Project object */;
			proxyType = 1;
			remoteGlobalIDString = 9E74FE4D28F7A4BE00585C6C;
			remoteInfo = Redditech;
		};
		9E74FE6928F7A4BE00585C6C /* PBXContainerItemProxy */ = {
			isa = PBXContainerItemProxy;
			containerPortal = 9E74FE4628F7A4BE00585C6C /* Project object */;
			proxyType = 1;
			remoteGlobalIDString = 9E74FE4D28F7A4BE00585C6C;
			remoteInfo = Redditech;
		};
/* End PBXContainerItemProxy section */

/* Begin PBXFileReference section */
		9E0B509F29073858003F060B /* PostSourceModel.swift */ = {isa = PBXFileReference; lastKnownFileType = sourcecode.swift; path = PostSourceModel.swift; sourceTree = "<group>"; };
		9E0B50A129073BEE003F060B /* PostSourceButton.swift */ = {isa = PBXFileReference; lastKnownFileType = sourcecode.swift; path = PostSourceButton.swift; sourceTree = "<group>"; };
		9E17F3F528F8AE3000E1EF6A /* WebView.swift */ = {isa = PBXFileReference; lastKnownFileType = sourcecode.swift; path = WebView.swift; sourceTree = "<group>"; };
		9E17F3F728F8C54100E1EF6A /* Info.plist */ = {isa = PBXFileReference; lastKnownFileType = text.plist; path = Info.plist; sourceTree = "<group>"; };
		9E3A708328FB34A800AABF92 /* KetchainManager.swift */ = {isa = PBXFileReference; lastKnownFileType = sourcecode.swift; path = KetchainManager.swift; sourceTree = "<group>"; };
		9E3A708628FB4AC500AABF92 /* ProfileView.swift */ = {isa = PBXFileReference; lastKnownFileType = sourcecode.swift; path = ProfileView.swift; sourceTree = "<group>"; };
		9E3A708828FB4AD000AABF92 /* ProfileViewModel.swift */ = {isa = PBXFileReference; lastKnownFileType = sourcecode.swift; path = ProfileViewModel.swift; sourceTree = "<group>"; };
		9E3A708B28FB4C2A00AABF92 /* SearchViewModel.swift */ = {isa = PBXFileReference; lastKnownFileType = sourcecode.swift; path = SearchViewModel.swift; sourceTree = "<group>"; };
		9E3A708D28FB4CB300AABF92 /* HomeView.swift */ = {isa = PBXFileReference; lastKnownFileType = sourcecode.swift; path = HomeView.swift; sourceTree = "<group>"; };
		9E3A708F28FB4CF800AABF92 /* SearchView.swift */ = {isa = PBXFileReference; lastKnownFileType = sourcecode.swift; path = SearchView.swift; sourceTree = "<group>"; };
		9E504A7A28FB5E3500576292 /* TokenResponse.swift */ = {isa = PBXFileReference; lastKnownFileType = sourcecode.swift; path = TokenResponse.swift; sourceTree = "<group>"; };
		9E504A7C28FB5E4100576292 /* MeResponse.swift */ = {isa = PBXFileReference; lastKnownFileType = sourcecode.swift; path = MeResponse.swift; sourceTree = "<group>"; };
		9E504A7F28FB5ED400576292 /* SubredditResponse.swift */ = {isa = PBXFileReference; lastKnownFileType = sourcecode.swift; path = SubredditResponse.swift; sourceTree = "<group>"; };
		9E744F5028FCBE87004A0B95 /* ListPostResponse.swift */ = {isa = PBXFileReference; lastKnownFileType = sourcecode.swift; path = ListPostResponse.swift; sourceTree = "<group>"; };
		9E744F5228FCD91B004A0B95 /* PostView.swift */ = {isa = PBXFileReference; lastKnownFileType = sourcecode.swift; path = PostView.swift; sourceTree = "<group>"; };
		9E74FE4E28F7A4BE00585C6C /* Redditech.app */ = {isa = PBXFileReference; explicitFileType = wrapper.application; includeInIndex = 0; path = Redditech.app; sourceTree = BUILT_PRODUCTS_DIR; };
		9E74FE5128F7A4BE00585C6C /* RedditechApp.swift */ = {isa = PBXFileReference; lastKnownFileType = sourcecode.swift; path = RedditechApp.swift; sourceTree = "<group>"; };
		9E74FE5328F7A4BE00585C6C /* ContentView.swift */ = {isa = PBXFileReference; lastKnownFileType = sourcecode.swift; path = ContentView.swift; sourceTree = "<group>"; };
		9E74FE5528F7A4BE00585C6C /* Assets.xcassets */ = {isa = PBXFileReference; lastKnownFileType = folder.assetcatalog; path = Assets.xcassets; sourceTree = "<group>"; };
		9E74FE5828F7A4BE00585C6C /* Preview Assets.xcassets */ = {isa = PBXFileReference; lastKnownFileType = folder.assetcatalog; path = "Preview Assets.xcassets"; sourceTree = "<group>"; };
		9E74FE5E28F7A4BE00585C6C /* RedditechTests.xctest */ = {isa = PBXFileReference; explicitFileType = wrapper.cfbundle; includeInIndex = 0; path = RedditechTests.xctest; sourceTree = BUILT_PRODUCTS_DIR; };
		9E74FE6228F7A4BE00585C6C /* RedditechTests.swift */ = {isa = PBXFileReference; lastKnownFileType = sourcecode.swift; path = RedditechTests.swift; sourceTree = "<group>"; };
		9E74FE6828F7A4BE00585C6C /* RedditechUITests.xctest */ = {isa = PBXFileReference; explicitFileType = wrapper.cfbundle; includeInIndex = 0; path = RedditechUITests.xctest; sourceTree = BUILT_PRODUCTS_DIR; };
		9E74FE6C28F7A4BE00585C6C /* RedditechUITests.swift */ = {isa = PBXFileReference; lastKnownFileType = sourcecode.swift; path = RedditechUITests.swift; sourceTree = "<group>"; };
		9E74FE6E28F7A4BE00585C6C /* RedditechUITestsLaunchTests.swift */ = {isa = PBXFileReference; lastKnownFileType = sourcecode.swift; path = RedditechUITestsLaunchTests.swift; sourceTree = "<group>"; };
		9E74FE8028F7A4FE00585C6C /* LoginView.swift */ = {isa = PBXFileReference; lastKnownFileType = sourcecode.swift; path = LoginView.swift; sourceTree = "<group>"; };
		9E74FE8228F7A50900585C6C /* LoginViewModel.swift */ = {isa = PBXFileReference; lastKnownFileType = sourcecode.swift; path = LoginViewModel.swift; sourceTree = "<group>"; };
		9E74FE8428F7A75400585C6C /* HomeViewModel.swift */ = {isa = PBXFileReference; lastKnownFileType = sourcecode.swift; path = HomeViewModel.swift; sourceTree = "<group>"; };
		9E74FE8B28F7A96100585C6C /* FilledRoundedCornerButtonStyle.swift */ = {isa = PBXFileReference; lastKnownFileType = sourcecode.swift; path = FilledRoundedCornerButtonStyle.swift; sourceTree = "<group>"; };
		9EA4EB3A2911FD1200F6E43C /* SearchResponse.swift */ = {isa = PBXFileReference; lastKnownFileType = sourcecode.swift; path = SearchResponse.swift; sourceTree = "<group>"; };
		9EA585622912104C001FD49E /* UserSettingsView.swift */ = {isa = PBXFileReference; lastKnownFileType = sourcecode.swift; path = UserSettingsView.swift; sourceTree = "<group>"; };
		9EA585642912105D001FD49E /* UserSettingsViewModel.swift */ = {isa = PBXFileReference; lastKnownFileType = sourcecode.swift; path = UserSettingsViewModel.swift; sourceTree = "<group>"; };
		9EA585672912138B001FD49E /* PrefsResponse.swift */ = {isa = PBXFileReference; lastKnownFileType = sourcecode.swift; path = PrefsResponse.swift; sourceTree = "<group>"; };
		9ECAFD2828FA041D00375909 /* RedditService.swift */ = {isa = PBXFileReference; lastKnownFileType = sourcecode.swift; path = RedditService.swift; sourceTree = "<group>"; };
		BBC337B236C57651B43F0445 /* .gitignore */ = {isa = PBXFileReference; lastKnownFileType = file.gitignore; path = .gitignore; sourceTree = "<group>"; };
/* End PBXFileReference section */

/* Begin PBXFrameworksBuildPhase section */
		9E74FE4B28F7A4BE00585C6C /* Frameworks */ = {
			isa = PBXFrameworksBuildPhase;
			buildActionMask = 2147483647;
			files = (
			);
			runOnlyForDeploymentPostprocessing = 0;
		};
		9E74FE5B28F7A4BE00585C6C /* Frameworks */ = {
			isa = PBXFrameworksBuildPhase;
			buildActionMask = 2147483647;
			files = (
			);
			runOnlyForDeploymentPostprocessing = 0;
		};
		9E74FE6528F7A4BE00585C6C /* Frameworks */ = {
			isa = PBXFrameworksBuildPhase;
			buildActionMask = 2147483647;
			files = (
			);
			runOnlyForDeploymentPostprocessing = 0;
		};
/* End PBXFrameworksBuildPhase section */

/* Begin PBXGroup section */
		9E3A708228FB349700AABF92 /* Utils */ = {
			isa = PBXGroup;
			children = (
				9E3A708328FB34A800AABF92 /* KetchainManager.swift */,
				9E0B509F29073858003F060B /* PostSourceModel.swift */,
			);
			path = Utils;
			sourceTree = "<group>";
		};
		9E3A708528FB4AA600AABF92 /* Profile */ = {
			isa = PBXGroup;
			children = (
				9E3A708628FB4AC500AABF92 /* ProfileView.swift */,
				9E3A708828FB4AD000AABF92 /* ProfileViewModel.swift */,
			);
			path = Profile;
			sourceTree = "<group>";
		};
		9E3A708A28FB4C1100AABF92 /* Search */ = {
			isa = PBXGroup;
			children = (
				9E3A708B28FB4C2A00AABF92 /* SearchViewModel.swift */,
				9E3A708F28FB4CF800AABF92 /* SearchView.swift */,
			);
			path = Search;
			sourceTree = "<group>";
		};
		9E504A7828FB5E0B00576292 /* Reddit */ = {
			isa = PBXGroup;
			children = (
				9E504A7928FB5E1100576292 /* Responses Models */,
				9ECAFD2828FA041D00375909 /* RedditService.swift */,
			);
			path = Reddit;
			sourceTree = "<group>";
		};
		9E504A7928FB5E1100576292 /* Responses Models */ = {
			isa = PBXGroup;
			children = (
				9E504A7A28FB5E3500576292 /* TokenResponse.swift */,
				9E504A7C28FB5E4100576292 /* MeResponse.swift */,
				9E504A7F28FB5ED400576292 /* SubredditResponse.swift */,
				9E744F5028FCBE87004A0B95 /* ListPostResponse.swift */,
				9EA4EB3A2911FD1200F6E43C /* SearchResponse.swift */,
				9EA585672912138B001FD49E /* PrefsResponse.swift */,
			);
			path = "Responses Models";
			sourceTree = "<group>";
		};
		9E74FE4528F7A4BE00585C6C = {
			isa = PBXGroup;
			children = (
				9E74FE5028F7A4BE00585C6C /* Redditech */,
				9E74FE6128F7A4BE00585C6C /* RedditechTests */,
				9E74FE6B28F7A4BE00585C6C /* RedditechUITests */,
				9E74FE4F28F7A4BE00585C6C /* Products */,
				BBC337B236C57651B43F0445 /* .gitignore */,
			);
			sourceTree = "<group>";
		};
		9E74FE4F28F7A4BE00585C6C /* Products */ = {
			isa = PBXGroup;
			children = (
				9E74FE4E28F7A4BE00585C6C /* Redditech.app */,
				9E74FE5E28F7A4BE00585C6C /* RedditechTests.xctest */,
				9E74FE6828F7A4BE00585C6C /* RedditechUITests.xctest */,
			);
			name = Products;
			sourceTree = "<group>";
		};
		9E74FE5028F7A4BE00585C6C /* Redditech */ = {
			isa = PBXGroup;
			children = (
				9E3A708228FB349700AABF92 /* Utils */,
				9ECAFD2728FA040600375909 /* Services */,
				9E17F3F728F8C54100E1EF6A /* Info.plist */,
				9E74FE8A28F7A94B00585C6C /* Styles */,
				9E74FE5128F7A4BE00585C6C /* RedditechApp.swift */,
				9E74FE7B28F7A4CB00585C6C /* Views */,
				9E74FE5528F7A4BE00585C6C /* Assets.xcassets */,
				9E74FE5728F7A4BE00585C6C /* Preview Content */,
			);
			path = Redditech;
			sourceTree = "<group>";
		};
		9E74FE5728F7A4BE00585C6C /* Preview Content */ = {
			isa = PBXGroup;
			children = (
				9E74FE5828F7A4BE00585C6C /* Preview Assets.xcassets */,
			);
			path = "Preview Content";
			sourceTree = "<group>";
		};
		9E74FE6128F7A4BE00585C6C /* RedditechTests */ = {
			isa = PBXGroup;
			children = (
				9E74FE6228F7A4BE00585C6C /* RedditechTests.swift */,
			);
			path = RedditechTests;
			sourceTree = "<group>";
		};
		9E74FE6B28F7A4BE00585C6C /* RedditechUITests */ = {
			isa = PBXGroup;
			children = (
				9E74FE6C28F7A4BE00585C6C /* RedditechUITests.swift */,
				9E74FE6E28F7A4BE00585C6C /* RedditechUITestsLaunchTests.swift */,
			);
			path = RedditechUITests;
			sourceTree = "<group>";
		};
		9E74FE7B28F7A4CB00585C6C /* Views */ = {
			isa = PBXGroup;
			children = (
				9E3A708A28FB4C1100AABF92 /* Search */,
				9E3A708528FB4AA600AABF92 /* Profile */,
				9E74FE7F28F7A4F000585C6C /* Home */,
				9E74FE7E28F7A4E800585C6C /* Login */,
				9E74FE7C28F7A4D200585C6C /* Components */,
				9E74FE5328F7A4BE00585C6C /* ContentView.swift */,
				9EA5856629121062001FD49E /* UserSettings */,
			);
			path = Views;
			sourceTree = "<group>";
		};
		9E74FE7C28F7A4D200585C6C /* Components */ = {
			isa = PBXGroup;
			children = (
				9E744F5228FCD91B004A0B95 /* PostView.swift */,
				9E0B50A129073BEE003F060B /* PostSourceButton.swift */,
			);
			path = Components;
			sourceTree = "<group>";
		};
		9E74FE7E28F7A4E800585C6C /* Login */ = {
			isa = PBXGroup;
			children = (
				9E74FE8028F7A4FE00585C6C /* LoginView.swift */,
				9E74FE8228F7A50900585C6C /* LoginViewModel.swift */,
				9E17F3F528F8AE3000E1EF6A /* WebView.swift */,
			);
			path = Login;
			sourceTree = "<group>";
		};
		9E74FE7F28F7A4F000585C6C /* Home */ = {
			isa = PBXGroup;
			children = (
				9E74FE8428F7A75400585C6C /* HomeViewModel.swift */,
				9E3A708D28FB4CB300AABF92 /* HomeView.swift */,
			);
			path = Home;
			sourceTree = "<group>";
		};
		9E74FE8A28F7A94B00585C6C /* Styles */ = {
			isa = PBXGroup;
			children = (
				9E74FE8B28F7A96100585C6C /* FilledRoundedCornerButtonStyle.swift */,
			);
			path = Styles;
			sourceTree = "<group>";
		};
		9EA5856629121062001FD49E /* UserSettings */ = {
			isa = PBXGroup;
			children = (
				9EA585622912104C001FD49E /* UserSettingsView.swift */,
				9EA585642912105D001FD49E /* UserSettingsViewModel.swift */,
			);
			path = UserSettings;
			sourceTree = "<group>";
		};
		9ECAFD2728FA040600375909 /* Services */ = {
			isa = PBXGroup;
			children = (
				9E504A7828FB5E0B00576292 /* Reddit */,
			);
			path = Services;
			sourceTree = "<group>";
		};
/* End PBXGroup section */

/* Begin PBXNativeTarget section */
		9E74FE4D28F7A4BE00585C6C /* Redditech */ = {
			isa = PBXNativeTarget;
			buildConfigurationList = 9E74FE7228F7A4BE00585C6C /* Build configuration list for PBXNativeTarget "Redditech" */;
			buildPhases = (
				9E74FE4A28F7A4BE00585C6C /* Sources */,
				9E74FE4B28F7A4BE00585C6C /* Frameworks */,
				9E74FE4C28F7A4BE00585C6C /* Resources */,
			);
			buildRules = (
			);
			dependencies = (
			);
			name = Redditech;
			productName = Redditech;
			productReference = 9E74FE4E28F7A4BE00585C6C /* Redditech.app */;
			productType = "com.apple.product-type.application";
		};
		9E74FE5D28F7A4BE00585C6C /* RedditechTests */ = {
			isa = PBXNativeTarget;
			buildConfigurationList = 9E74FE7528F7A4BE00585C6C /* Build configuration list for PBXNativeTarget "RedditechTests" */;
			buildPhases = (
				9E74FE5A28F7A4BE00585C6C /* Sources */,
				9E74FE5B28F7A4BE00585C6C /* Frameworks */,
				9E74FE5C28F7A4BE00585C6C /* Resources */,
			);
			buildRules = (
			);
			dependencies = (
				9E74FE6028F7A4BE00585C6C /* PBXTargetDependency */,
			);
			name = RedditechTests;
			productName = RedditechTests;
			productReference = 9E74FE5E28F7A4BE00585C6C /* RedditechTests.xctest */;
			productType = "com.apple.product-type.bundle.unit-test";
		};
		9E74FE6728F7A4BE00585C6C /* RedditechUITests */ = {
			isa = PBXNativeTarget;
			buildConfigurationList = 9E74FE7828F7A4BE00585C6C /* Build configuration list for PBXNativeTarget "RedditechUITests" */;
			buildPhases = (
				9E74FE6428F7A4BE00585C6C /* Sources */,
				9E74FE6528F7A4BE00585C6C /* Frameworks */,
				9E74FE6628F7A4BE00585C6C /* Resources */,
			);
			buildRules = (
			);
			dependencies = (
				9E74FE6A28F7A4BE00585C6C /* PBXTargetDependency */,
			);
			name = RedditechUITests;
			productName = RedditechUITests;
			productReference = 9E74FE6828F7A4BE00585C6C /* RedditechUITests.xctest */;
			productType = "com.apple.product-type.bundle.ui-testing";
		};
/* End PBXNativeTarget section */

/* Begin PBXProject section */
		9E74FE4628F7A4BE00585C6C /* Project object */ = {
			isa = PBXProject;
			attributes = {
				BuildIndependentTargetsInParallel = 1;
				LastSwiftUpdateCheck = 1400;
				LastUpgradeCheck = 1400;
				TargetAttributes = {
					9E74FE4D28F7A4BE00585C6C = {
						CreatedOnToolsVersion = 14.0.1;
					};
					9E74FE5D28F7A4BE00585C6C = {
						CreatedOnToolsVersion = 14.0.1;
						TestTargetID = 9E74FE4D28F7A4BE00585C6C;
					};
					9E74FE6728F7A4BE00585C6C = {
						CreatedOnToolsVersion = 14.0.1;
						TestTargetID = 9E74FE4D28F7A4BE00585C6C;
					};
				};
			};
			buildConfigurationList = 9E74FE4928F7A4BE00585C6C /* Build configuration list for PBXProject "Redditech" */;
			compatibilityVersion = "Xcode 14.0";
			developmentRegion = en;
			hasScannedForEncodings = 0;
			knownRegions = (
				en,
				Base,
			);
			mainGroup = 9E74FE4528F7A4BE00585C6C;
			productRefGroup = 9E74FE4F28F7A4BE00585C6C /* Products */;
			projectDirPath = "";
			projectRoot = "";
			targets = (
				9E74FE4D28F7A4BE00585C6C /* Redditech */,
				9E74FE5D28F7A4BE00585C6C /* RedditechTests */,
				9E74FE6728F7A4BE00585C6C /* RedditechUITests */,
			);
		};
/* End PBXProject section */

/* Begin PBXResourcesBuildPhase section */
		9E74FE4C28F7A4BE00585C6C /* Resources */ = {
			isa = PBXResourcesBuildPhase;
			buildActionMask = 2147483647;
			files = (
				9E74FE5928F7A4BE00585C6C /* Preview Assets.xcassets in Resources */,
				9E74FE5628F7A4BE00585C6C /* Assets.xcassets in Resources */,
				BBC3360F6669A8F2C453A2BF /* .gitignore in Resources */,
			);
			runOnlyForDeploymentPostprocessing = 0;
		};
		9E74FE5C28F7A4BE00585C6C /* Resources */ = {
			isa = PBXResourcesBuildPhase;
			buildActionMask = 2147483647;
			files = (
			);
			runOnlyForDeploymentPostprocessing = 0;
		};
		9E74FE6628F7A4BE00585C6C /* Resources */ = {
			isa = PBXResourcesBuildPhase;
			buildActionMask = 2147483647;
			files = (
			);
			runOnlyForDeploymentPostprocessing = 0;
		};
/* End PBXResourcesBuildPhase section */

/* Begin PBXSourcesBuildPhase section */
		9E74FE4A28F7A4BE00585C6C /* Sources */ = {
			isa = PBXSourcesBuildPhase;
			buildActionMask = 2147483647;
			files = (
				9E744F5128FCBE87004A0B95 /* ListPostResponse.swift in Sources */,
				9EA585682912138B001FD49E /* PrefsResponse.swift in Sources */,
				9E74FE8528F7A75400585C6C /* HomeViewModel.swift in Sources */,
				9EA585652912105D001FD49E /* UserSettingsViewModel.swift in Sources */,
				9E17F3F628F8AE3000E1EF6A /* WebView.swift in Sources */,
				9E3A708E28FB4CB300AABF92 /* HomeView.swift in Sources */,
				9E74FE8328F7A50900585C6C /* LoginViewModel.swift in Sources */,
				9E504A7B28FB5E3500576292 /* TokenResponse.swift in Sources */,
				9EA4EB3B2911FD1200F6E43C /* SearchResponse.swift in Sources */,
				9E74FE8128F7A4FE00585C6C /* LoginView.swift in Sources */,
				9E0B50A229073BEE003F060B /* PostSourceButton.swift in Sources */,
				9E3A708C28FB4C2A00AABF92 /* SearchViewModel.swift in Sources */,
				9E74FE5428F7A4BE00585C6C /* ContentView.swift in Sources */,
				9E744F5328FCD91B004A0B95 /* PostView.swift in Sources */,
				9E3A708928FB4AD000AABF92 /* ProfileViewModel.swift in Sources */,
				9E504A8028FB5ED400576292 /* SubredditResponse.swift in Sources */,
				9E0B50A029073858003F060B /* PostSourceModel.swift in Sources */,
				9E3A708428FB34A800AABF92 /* KetchainManager.swift in Sources */,
				9E74FE5228F7A4BE00585C6C /* RedditechApp.swift in Sources */,
				9EA585632912104C001FD49E /* UserSettingsView.swift in Sources */,
				9E3A709028FB4CF800AABF92 /* SearchView.swift in Sources */,
				9E504A7D28FB5E4100576292 /* MeResponse.swift in Sources */,
				9E74FE8C28F7A96100585C6C /* FilledRoundedCornerButtonStyle.swift in Sources */,
				9E3A708728FB4AC500AABF92 /* ProfileView.swift in Sources */,
				9ECAFD2928FA041D00375909 /* RedditService.swift in Sources */,
			);
			runOnlyForDeploymentPostprocessing = 0;
		};
		9E74FE5A28F7A4BE00585C6C /* Sources */ = {
			isa = PBXSourcesBuildPhase;
			buildActionMask = 2147483647;
			files = (
				9E74FE6328F7A4BE00585C6C /* RedditechTests.swift in Sources */,
			);
			runOnlyForDeploymentPostprocessing = 0;
		};
		9E74FE6428F7A4BE00585C6C /* Sources */ = {
			isa = PBXSourcesBuildPhase;
			buildActionMask = 2147483647;
			files = (
				9E74FE6D28F7A4BE00585C6C /* RedditechUITests.swift in Sources */,
				9E74FE6F28F7A4BE00585C6C /* RedditechUITestsLaunchTests.swift in Sources */,
			);
			runOnlyForDeploymentPostprocessing = 0;
		};
/* End PBXSourcesBuildPhase section */

/* Begin PBXTargetDependency section */
		9E74FE6028F7A4BE00585C6C /* PBXTargetDependency */ = {
			isa = PBXTargetDependency;
			target = 9E74FE4D28F7A4BE00585C6C /* Redditech */;
			targetProxy = 9E74FE5F28F7A4BE00585C6C /* PBXContainerItemProxy */;
		};
		9E74FE6A28F7A4BE00585C6C /* PBXTargetDependency */ = {
			isa = PBXTargetDependency;
			target = 9E74FE4D28F7A4BE00585C6C /* Redditech */;
			targetProxy = 9E74FE6928F7A4BE00585C6C /* PBXContainerItemProxy */;
		};
/* End PBXTargetDependency section */

/* Begin XCBuildConfiguration section */
		9E74FE7028F7A4BE00585C6C /* Debug */ = {
			isa = XCBuildConfiguration;
			buildSettings = {
				ALWAYS_SEARCH_USER_PATHS = NO;
				CLANG_ANALYZER_NONNULL = YES;
				CLANG_ANALYZER_NUMBER_OBJECT_CONVERSION = YES_AGGRESSIVE;
				CLANG_CXX_LANGUAGE_STANDARD = "gnu++20";
				CLANG_ENABLE_MODULES = YES;
				CLANG_ENABLE_OBJC_ARC = YES;
				CLANG_ENABLE_OBJC_WEAK = YES;
				CLANG_WARN_BLOCK_CAPTURE_AUTORELEASING = YES;
				CLANG_WARN_BOOL_CONVERSION = YES;
				CLANG_WARN_COMMA = YES;
				CLANG_WARN_CONSTANT_CONVERSION = YES;
				CLANG_WARN_DEPRECATED_OBJC_IMPLEMENTATIONS = YES;
				CLANG_WARN_DIRECT_OBJC_ISA_USAGE = YES_ERROR;
				CLANG_WARN_DOCUMENTATION_COMMENTS = YES;
				CLANG_WARN_EMPTY_BODY = YES;
				CLANG_WARN_ENUM_CONVERSION = YES;
				CLANG_WARN_INFINITE_RECURSION = YES;
				CLANG_WARN_INT_CONVERSION = YES;
				CLANG_WARN_NON_LITERAL_NULL_CONVERSION = YES;
				CLANG_WARN_OBJC_IMPLICIT_RETAIN_SELF = YES;
				CLANG_WARN_OBJC_LITERAL_CONVERSION = YES;
				CLANG_WARN_OBJC_ROOT_CLASS = YES_ERROR;
				CLANG_WARN_QUOTED_INCLUDE_IN_FRAMEWORK_HEADER = YES;
				CLANG_WARN_RANGE_LOOP_ANALYSIS = YES;
				CLANG_WARN_STRICT_PROTOTYPES = YES;
				CLANG_WARN_SUSPICIOUS_MOVE = YES;
				CLANG_WARN_UNGUARDED_AVAILABILITY = YES_AGGRESSIVE;
				CLANG_WARN_UNREACHABLE_CODE = YES;
				CLANG_WARN__DUPLICATE_METHOD_MATCH = YES;
				COPY_PHASE_STRIP = NO;
				DEBUG_INFORMATION_FORMAT = dwarf;
				ENABLE_STRICT_OBJC_MSGSEND = YES;
				ENABLE_TESTABILITY = YES;
				GCC_C_LANGUAGE_STANDARD = gnu11;
				GCC_DYNAMIC_NO_PIC = NO;
				GCC_NO_COMMON_BLOCKS = YES;
				GCC_OPTIMIZATION_LEVEL = 0;
				GCC_PREPROCESSOR_DEFINITIONS = (
					"DEBUG=1",
					"$(inherited)",
				);
				GCC_WARN_64_TO_32_BIT_CONVERSION = YES;
				GCC_WARN_ABOUT_RETURN_TYPE = YES_ERROR;
				GCC_WARN_UNDECLARED_SELECTOR = YES;
				GCC_WARN_UNINITIALIZED_AUTOS = YES_AGGRESSIVE;
				GCC_WARN_UNUSED_FUNCTION = YES;
				GCC_WARN_UNUSED_VARIABLE = YES;
				IPHONEOS_DEPLOYMENT_TARGET = 16.0;
				MTL_ENABLE_DEBUG_INFO = INCLUDE_SOURCE;
				MTL_FAST_MATH = YES;
				ONLY_ACTIVE_ARCH = YES;
				SDKROOT = iphoneos;
				SWIFT_ACTIVE_COMPILATION_CONDITIONS = DEBUG;
				SWIFT_OPTIMIZATION_LEVEL = "-Onone";
			};
			name = Debug;
		};
		9E74FE7128F7A4BE00585C6C /* Release */ = {
			isa = XCBuildConfiguration;
			buildSettings = {
				ALWAYS_SEARCH_USER_PATHS = NO;
				CLANG_ANALYZER_NONNULL = YES;
				CLANG_ANALYZER_NUMBER_OBJECT_CONVERSION = YES_AGGRESSIVE;
				CLANG_CXX_LANGUAGE_STANDARD = "gnu++20";
				CLANG_ENABLE_MODULES = YES;
				CLANG_ENABLE_OBJC_ARC = YES;
				CLANG_ENABLE_OBJC_WEAK = YES;
				CLANG_WARN_BLOCK_CAPTURE_AUTORELEASING = YES;
				CLANG_WARN_BOOL_CONVERSION = YES;
				CLANG_WARN_COMMA = YES;
				CLANG_WARN_CONSTANT_CONVERSION = YES;
				CLANG_WARN_DEPRECATED_OBJC_IMPLEMENTATIONS = YES;
				CLANG_WARN_DIRECT_OBJC_ISA_USAGE = YES_ERROR;
				CLANG_WARN_DOCUMENTATION_COMMENTS = YES;
				CLANG_WARN_EMPTY_BODY = YES;
				CLANG_WARN_ENUM_CONVERSION = YES;
				CLANG_WARN_INFINITE_RECURSION = YES;
				CLANG_WARN_INT_CONVERSION = YES;
				CLANG_WARN_NON_LITERAL_NULL_CONVERSION = YES;
				CLANG_WARN_OBJC_IMPLICIT_RETAIN_SELF = YES;
				CLANG_WARN_OBJC_LITERAL_CONVERSION = YES;
				CLANG_WARN_OBJC_ROOT_CLASS = YES_ERROR;
				CLANG_WARN_QUOTED_INCLUDE_IN_FRAMEWORK_HEADER = YES;
				CLANG_WARN_RANGE_LOOP_ANALYSIS = YES;
				CLANG_WARN_STRICT_PROTOTYPES = YES;
				CLANG_WARN_SUSPICIOUS_MOVE = YES;
				CLANG_WARN_UNGUARDED_AVAILABILITY = YES_AGGRESSIVE;
				CLANG_WARN_UNREACHABLE_CODE = YES;
				CLANG_WARN__DUPLICATE_METHOD_MATCH = YES;
				COPY_PHASE_STRIP = NO;
				DEBUG_INFORMATION_FORMAT = "dwarf-with-dsym";
				ENABLE_NS_ASSERTIONS = NO;
				ENABLE_STRICT_OBJC_MSGSEND = YES;
				GCC_C_LANGUAGE_STANDARD = gnu11;
				GCC_NO_COMMON_BLOCKS = YES;
				GCC_WARN_64_TO_32_BIT_CONVERSION = YES;
				GCC_WARN_ABOUT_RETURN_TYPE = YES_ERROR;
				GCC_WARN_UNDECLARED_SELECTOR = YES;
				GCC_WARN_UNINITIALIZED_AUTOS = YES_AGGRESSIVE;
				GCC_WARN_UNUSED_FUNCTION = YES;
				GCC_WARN_UNUSED_VARIABLE = YES;
				IPHONEOS_DEPLOYMENT_TARGET = 16.0;
				MTL_ENABLE_DEBUG_INFO = NO;
				MTL_FAST_MATH = YES;
				SDKROOT = iphoneos;
				SWIFT_COMPILATION_MODE = wholemodule;
				SWIFT_OPTIMIZATION_LEVEL = "-O";
				VALIDATE_PRODUCT = YES;
			};
			name = Release;
		};
		9E74FE7328F7A4BE00585C6C /* Debug */ = {
			isa = XCBuildConfiguration;
			buildSettings = {
				ASSETCATALOG_COMPILER_APPICON_NAME = AppIcon;
				ASSETCATALOG_COMPILER_GLOBAL_ACCENT_COLOR_NAME = AccentColor;
				CODE_SIGN_STYLE = Automatic;
				CURRENT_PROJECT_VERSION = 1;
				DEVELOPMENT_ASSET_PATHS = "\"Redditech/Preview Content\"";
				DEVELOPMENT_TEAM = B36L6U63VJ;
				ENABLE_PREVIEWS = YES;
				GENERATE_INFOPLIST_FILE = YES;
				INFOPLIST_FILE = Redditech/Info.plist;
				INFOPLIST_KEY_UIApplicationSceneManifest_Generation = YES;
				INFOPLIST_KEY_UIApplicationSupportsIndirectInputEvents = YES;
				INFOPLIST_KEY_UILaunchScreen_Generation = YES;
				INFOPLIST_KEY_UISupportedInterfaceOrientations_iPad = "UIInterfaceOrientationPortrait UIInterfaceOrientationPortraitUpsideDown UIInterfaceOrientationLandscapeLeft UIInterfaceOrientationLandscapeRight";
				INFOPLIST_KEY_UISupportedInterfaceOrientations_iPhone = "UIInterfaceOrientationPortrait UIInterfaceOrientationLandscapeLeft UIInterfaceOrientationLandscapeRight";
				LD_RUNPATH_SEARCH_PATHS = (
					"$(inherited)",
					"@executable_path/Frameworks",
				);
				MARKETING_VERSION = 1.0;
				PRODUCT_BUNDLE_IDENTIFIER = fr.pierrej.Redditech;
				PRODUCT_NAME = "$(TARGET_NAME)";
				SWIFT_EMIT_LOC_STRINGS = YES;
				SWIFT_VERSION = 5.0;
				TARGETED_DEVICE_FAMILY = "1,2";
			};
			name = Debug;
		};
		9E74FE7428F7A4BE00585C6C /* Release */ = {
			isa = XCBuildConfiguration;
			buildSettings = {
				ASSETCATALOG_COMPILER_APPICON_NAME = AppIcon;
				ASSETCATALOG_COMPILER_GLOBAL_ACCENT_COLOR_NAME = AccentColor;
				CODE_SIGN_STYLE = Automatic;
				CURRENT_PROJECT_VERSION = 1;
				DEVELOPMENT_ASSET_PATHS = "\"Redditech/Preview Content\"";
				DEVELOPMENT_TEAM = B36L6U63VJ;
				ENABLE_PREVIEWS = YES;
				GENERATE_INFOPLIST_FILE = YES;
				INFOPLIST_FILE = Redditech/Info.plist;
				INFOPLIST_KEY_UIApplicationSceneManifest_Generation = YES;
				INFOPLIST_KEY_UIApplicationSupportsIndirectInputEvents = YES;
				INFOPLIST_KEY_UILaunchScreen_Generation = YES;
				INFOPLIST_KEY_UISupportedInterfaceOrientations_iPad = "UIInterfaceOrientationPortrait UIInterfaceOrientationPortraitUpsideDown UIInterfaceOrientationLandscapeLeft UIInterfaceOrientationLandscapeRight";
				INFOPLIST_KEY_UISupportedInterfaceOrientations_iPhone = "UIInterfaceOrientationPortrait UIInterfaceOrientationLandscapeLeft UIInterfaceOrientationLandscapeRight";
				LD_RUNPATH_SEARCH_PATHS = (
					"$(inherited)",
					"@executable_path/Frameworks",
				);
				MARKETING_VERSION = 1.0;
				PRODUCT_BUNDLE_IDENTIFIER = fr.pierrej.Redditech;
				PRODUCT_NAME = "$(TARGET_NAME)";
				SWIFT_EMIT_LOC_STRINGS = YES;
				SWIFT_VERSION = 5.0;
				TARGETED_DEVICE_FAMILY = "1,2";
			};
			name = Release;
		};
		9E74FE7628F7A4BE00585C6C /* Debug */ = {
			isa = XCBuildConfiguration;
			buildSettings = {
				ALWAYS_EMBED_SWIFT_STANDARD_LIBRARIES = YES;
				BUNDLE_LOADER = "$(TEST_HOST)";
				CODE_SIGN_STYLE = Automatic;
				CURRENT_PROJECT_VERSION = 1;
				DEVELOPMENT_TEAM = B36L6U63VJ;
				GENERATE_INFOPLIST_FILE = YES;
				IPHONEOS_DEPLOYMENT_TARGET = 16.0;
				MARKETING_VERSION = 1.0;
				PRODUCT_BUNDLE_IDENTIFIER = fr.pierrej.RedditechTests;
				PRODUCT_NAME = "$(TARGET_NAME)";
				SWIFT_EMIT_LOC_STRINGS = NO;
				SWIFT_VERSION = 5.0;
				TARGETED_DEVICE_FAMILY = "1,2";
				TEST_HOST = "$(BUILT_PRODUCTS_DIR)/Redditech.app/$(BUNDLE_EXECUTABLE_FOLDER_PATH)/Redditech";
			};
			name = Debug;
		};
		9E74FE7728F7A4BE00585C6C /* Release */ = {
			isa = XCBuildConfiguration;
			buildSettings = {
				ALWAYS_EMBED_SWIFT_STANDARD_LIBRARIES = YES;
				BUNDLE_LOADER = "$(TEST_HOST)";
				CODE_SIGN_STYLE = Automatic;
				CURRENT_PROJECT_VERSION = 1;
				DEVELOPMENT_TEAM = B36L6U63VJ;
				GENERATE_INFOPLIST_FILE = YES;
				IPHONEOS_DEPLOYMENT_TARGET = 16.0;
				MARKETING_VERSION = 1.0;
				PRODUCT_BUNDLE_IDENTIFIER = fr.pierrej.RedditechTests;
				PRODUCT_NAME = "$(TARGET_NAME)";
				SWIFT_EMIT_LOC_STRINGS = NO;
				SWIFT_VERSION = 5.0;
				TARGETED_DEVICE_FAMILY = "1,2";
				TEST_HOST = "$(BUILT_PRODUCTS_DIR)/Redditech.app/$(BUNDLE_EXECUTABLE_FOLDER_PATH)/Redditech";
			};
			name = Release;
		};
		9E74FE7928F7A4BE00585C6C /* Debug */ = {
			isa = XCBuildConfiguration;
			buildSettings = {
				ALWAYS_EMBED_SWIFT_STANDARD_LIBRARIES = YES;
				CODE_SIGN_STYLE = Automatic;
				CURRENT_PROJECT_VERSION = 1;
				DEVELOPMENT_TEAM = B36L6U63VJ;
				GENERATE_INFOPLIST_FILE = YES;
				MARKETING_VERSION = 1.0;
				PRODUCT_BUNDLE_IDENTIFIER = fr.pierrej.RedditechUITests;
				PRODUCT_NAME = "$(TARGET_NAME)";
				SWIFT_EMIT_LOC_STRINGS = NO;
				SWIFT_VERSION = 5.0;
				TARGETED_DEVICE_FAMILY = "1,2";
				TEST_TARGET_NAME = Redditech;
			};
			name = Debug;
		};
		9E74FE7A28F7A4BE00585C6C /* Release */ = {
			isa = XCBuildConfiguration;
			buildSettings = {
				ALWAYS_EMBED_SWIFT_STANDARD_LIBRARIES = YES;
				CODE_SIGN_STYLE = Automatic;
				CURRENT_PROJECT_VERSION = 1;
				DEVELOPMENT_TEAM = B36L6U63VJ;
				GENERATE_INFOPLIST_FILE = YES;
				MARKETING_VERSION = 1.0;
				PRODUCT_BUNDLE_IDENTIFIER = fr.pierrej.RedditechUITests;
				PRODUCT_NAME = "$(TARGET_NAME)";
				SWIFT_EMIT_LOC_STRINGS = NO;
				SWIFT_VERSION = 5.0;
				TARGETED_DEVICE_FAMILY = "1,2";
				TEST_TARGET_NAME = Redditech;
			};
			name = Release;
		};
/* End XCBuildConfiguration section */

/* Begin XCConfigurationList section */
		9E74FE4928F7A4BE00585C6C /* Build configuration list for PBXProject "Redditech" */ = {
			isa = XCConfigurationList;
			buildConfigurations = (
				9E74FE7028F7A4BE00585C6C /* Debug */,
				9E74FE7128F7A4BE00585C6C /* Release */,
			);
			defaultConfigurationIsVisible = 0;
			defaultConfigurationName = Release;
		};
		9E74FE7228F7A4BE00585C6C /* Build configuration list for PBXNativeTarget "Redditech" */ = {
			isa = XCConfigurationList;
			buildConfigurations = (
				9E74FE7328F7A4BE00585C6C /* Debug */,
				9E74FE7428F7A4BE00585C6C /* Release */,
			);
			defaultConfigurationIsVisible = 0;
			defaultConfigurationName = Release;
		};
		9E74FE7528F7A4BE00585C6C /* Build configuration list for PBXNativeTarget "RedditechTests" */ = {
			isa = XCConfigurationList;
			buildConfigurations = (
				9E74FE7628F7A4BE00585C6C /* Debug */,
				9E74FE7728F7A4BE00585C6C /* Release */,
			);
			defaultConfigurationIsVisible = 0;
			defaultConfigurationName = Release;
		};
		9E74FE7828F7A4BE00585C6C /* Build configuration list for PBXNativeTarget "RedditechUITests" */ = {
			isa = XCConfigurationList;
			buildConfigurations = (
				9E74FE7928F7A4BE00585C6C /* Debug */,
				9E74FE7A28F7A4BE00585C6C /* Release */,
			);
			defaultConfigurationIsVisible = 0;
			defaultConfigurationName = Release;
		};
/* End XCConfigurationList section */
	};
	rootObject = 9E74FE4628F7A4BE00585C6C /* Project object */;
}
